
Microsoft Visual Studio Solution File, Format Version 12.00
# Visual Studio Version 16
VisualStudioVersion = 16.0.31005.135
MinimumVisualStudioVersion = 10.0.40219.1
Project("{FAE04EC0-301F-11D3-BF4B-00C04F79EFBC}") = "KTU_Proje", "KTU_Proje\KTU_Proje.csproj", "{A69CCB14-1756-4441-A923-029FCCF4AD2F}"
EndProject
Global
	GlobalSection(SolutionConfigurationPlatforms) = preSolution
		Debug|Any CPU = Debug|Any CPU
		Release|Any CPU = Release|Any CPU
	EndGlobalSection
	GlobalSection(ProjectConfigurationPlatforms) = postSolution
		{A69CCB14-1756-4441-A923-029FCCF4AD2F}.Debug|Any CPU.ActiveCfg = Debug|Any CPU
		{A69CCB14-1756-4441-A923-029FCCF4AD2F}.Debug|Any CPU.Build.0 = Debug|Any CPU
		{A69CCB14-1756-4441-A923-029FCCF4AD2F}.Release|Any CPU.ActiveCfg = Release|Any CPU
		{A69CCB14-1756-4441-A923-029FCCF4AD2F}.Release|Any CPU.Build.0 = Release|Any CPU
	EndGlobalSection
	GlobalSection(SolutionProperties) = preSolution
		HideSolutionNode = FALSE
	EndGlobalSection
	GlobalSection(ExtensibilityGlobals) = postSolution
		SolutionGuid = {869F4D26-2088-4EF8-B92E-9272368B19A4}
	EndGlobalSection
EndGlobal
